
Microsoft Visual Studio Solution File, Format Version 12.00
# Visual Studio 15
VisualStudioVersion = 15.0.27703.2035
MinimumVisualStudioVersion = 10.0.40219.1
Project("{8BC9CEB8-8B4A-11D0-8D11-00A0C91BC942}") = "ModerCPPFunc", "ModerCPPFunc\ModerCPPFunc.vcxproj", "{B7BB56FA-5BE4-43B9-9EF1-A27CC69A22FB}"
EndProject
Global
	GlobalSection(SolutionConfigurationPlatforms) = preSolution
		Debug|x64 = Debug|x64
		Debug|x86 = Debug|x86
		Release|x64 = Release|x64
		Release|x86 = Release|x86
	EndGlobalSection
	GlobalSection(ProjectConfigurationPlatforms) = postSolution
		{B7BB56FA-5BE4-43B9-9EF1-A27CC69A22FB}.Debug|x64.ActiveCfg = Debug|x64
		{B7BB56FA-5BE4-43B9-9EF1-A27CC69A22FB}.Debug|x64.Build.0 = Debug|x64
		{B7BB56FA-5BE4-43B9-9EF1-A27CC69A22FB}.Debug|x86.ActiveCfg = Debug|Win32
		{B7BB56FA-5BE4-43B9-9EF1-A27CC69A22FB}.Debug|x86.Build.0 = Debug|Win32
		{B7BB56FA-5BE4-43B9-9EF1-A27CC69A22FB}.Release|x64.ActiveCfg = Release|x64
		{B7BB56FA-5BE4-43B9-9EF1-A27CC69A22FB}.Release|x64.Build.0 = Release|x64
		{B7BB56FA-5BE4-43B9-9EF1-A27CC69A22FB}.Release|x86.ActiveCfg = Release|Win32
		{B7BB56FA-5BE4-43B9-9EF1-A27CC69A22FB}.Release|x86.Build.0 = Release|Win32
	EndGlobalSection
	GlobalSection(SolutionProperties) = preSolution
		HideSolutionNode = FALSE
	EndGlobalSection
	GlobalSection(ExtensibilityGlobals) = postSolution
		SolutionGuid = {E04CAC36-3E32-4D5A-8F54-F40DF2F672E8}
	EndGlobalSection
EndGlobal
