
Microsoft Visual Studio Solution File, Format Version 12.00
# Visual Studio 15
VisualStudioVersion = 15.0.27703.2035
MinimumVisualStudioVersion = 10.0.40219.1
Project("{8BC9CEB8-8B4A-11D0-8D11-00A0C91BC942}") = "ModerCPPFunc", "ModerCPPFunc\ModerCPPFunc.vcxproj", "{B7BB56FA-5BE4-43B9-9EF1-A27CC69A22FB}"
EndProject
Project("{8BC9CEB8-8B4A-11D0-8D11-00A0C91BC942}") = "Lambda", "Lambda\Lambda.vcxproj", "{53B0190F-4802-40D9-A00C-A32854E7762E}"
EndProject
Project("{8BC9CEB8-8B4A-11D0-8D11-00A0C91BC942}") = "SmartPtr", "SmartPtr\SmartPtr.vcxproj", "{C9475EDE-7CF4-4EED-8DCC-89BF9B93F337}"
EndProject
Project("{8BC9CEB8-8B4A-11D0-8D11-00A0C91BC942}") = "Tuple", "Tuple\Tuple.vcxproj", "{EA433B27-2721-4D7B-A3F3-5E9EC189D78F}"
EndProject
Project("{8BC9CEB8-8B4A-11D0-8D11-00A0C91BC942}") = "FuncPrograming", "FuncPrograming\FuncPrograming.vcxproj", "{0ED84F78-C4A5-4EFF-9F04-1F3E2CCEECF7}"
EndProject
Project("{8BC9CEB8-8B4A-11D0-8D11-00A0C91BC942}") = "DelayedEvaluation", "DelayedEvaluation\DelayedEvaluation.vcxproj", "{BBD8899B-F598-4D42-B772-89B8D825D74B}"
EndProject
Project("{8BC9CEB8-8B4A-11D0-8D11-00A0C91BC942}") = "VariadicLambda", "VariadicLambda\VariadicLambda.vcxproj", "{6E2931C6-7001-4777-8901-1288C1AEE359}"
EndProject
Project("{8BC9CEB8-8B4A-11D0-8D11-00A0C91BC942}") = "HeterogenContainer", "HeterogenContainer\HeterogenContainer.vcxproj", "{6FD4B3C9-60E1-4747-90A5-A957EA9F7B7F}"
EndProject
Global
	GlobalSection(SolutionConfigurationPlatforms) = preSolution
		Debug|x64 = Debug|x64
		Debug|x86 = Debug|x86
		Release|x64 = Release|x64
		Release|x86 = Release|x86
	EndGlobalSection
	GlobalSection(ProjectConfigurationPlatforms) = postSolution
		{B7BB56FA-5BE4-43B9-9EF1-A27CC69A22FB}.Debug|x64.ActiveCfg = Debug|x64
		{B7BB56FA-5BE4-43B9-9EF1-A27CC69A22FB}.Debug|x64.Build.0 = Debug|x64
		{B7BB56FA-5BE4-43B9-9EF1-A27CC69A22FB}.Debug|x86.ActiveCfg = Debug|Win32
		{B7BB56FA-5BE4-43B9-9EF1-A27CC69A22FB}.Debug|x86.Build.0 = Debug|Win32
		{B7BB56FA-5BE4-43B9-9EF1-A27CC69A22FB}.Release|x64.ActiveCfg = Release|x64
		{B7BB56FA-5BE4-43B9-9EF1-A27CC69A22FB}.Release|x64.Build.0 = Release|x64
		{B7BB56FA-5BE4-43B9-9EF1-A27CC69A22FB}.Release|x86.ActiveCfg = Release|Win32
		{B7BB56FA-5BE4-43B9-9EF1-A27CC69A22FB}.Release|x86.Build.0 = Release|Win32
		{53B0190F-4802-40D9-A00C-A32854E7762E}.Debug|x64.ActiveCfg = Debug|x64
		{53B0190F-4802-40D9-A00C-A32854E7762E}.Debug|x64.Build.0 = Debug|x64
		{53B0190F-4802-40D9-A00C-A32854E7762E}.Debug|x86.ActiveCfg = Debug|Win32
		{53B0190F-4802-40D9-A00C-A32854E7762E}.Debug|x86.Build.0 = Debug|Win32
		{53B0190F-4802-40D9-A00C-A32854E7762E}.Release|x64.ActiveCfg = Release|x64
		{53B0190F-4802-40D9-A00C-A32854E7762E}.Release|x64.Build.0 = Release|x64
		{53B0190F-4802-40D9-A00C-A32854E7762E}.Release|x86.ActiveCfg = Release|Win32
		{53B0190F-4802-40D9-A00C-A32854E7762E}.Release|x86.Build.0 = Release|Win32
		{C9475EDE-7CF4-4EED-8DCC-89BF9B93F337}.Debug|x64.ActiveCfg = Debug|x64
		{C9475EDE-7CF4-4EED-8DCC-89BF9B93F337}.Debug|x64.Build.0 = Debug|x64
		{C9475EDE-7CF4-4EED-8DCC-89BF9B93F337}.Debug|x86.ActiveCfg = Debug|Win32
		{C9475EDE-7CF4-4EED-8DCC-89BF9B93F337}.Debug|x86.Build.0 = Debug|Win32
		{C9475EDE-7CF4-4EED-8DCC-89BF9B93F337}.Release|x64.ActiveCfg = Release|x64
		{C9475EDE-7CF4-4EED-8DCC-89BF9B93F337}.Release|x64.Build.0 = Release|x64
		{C9475EDE-7CF4-4EED-8DCC-89BF9B93F337}.Release|x86.ActiveCfg = Release|Win32
		{C9475EDE-7CF4-4EED-8DCC-89BF9B93F337}.Release|x86.Build.0 = Release|Win32
		{EA433B27-2721-4D7B-A3F3-5E9EC189D78F}.Debug|x64.ActiveCfg = Debug|x64
		{EA433B27-2721-4D7B-A3F3-5E9EC189D78F}.Debug|x64.Build.0 = Debug|x64
		{EA433B27-2721-4D7B-A3F3-5E9EC189D78F}.Debug|x86.ActiveCfg = Debug|Win32
		{EA433B27-2721-4D7B-A3F3-5E9EC189D78F}.Debug|x86.Build.0 = Debug|Win32
		{EA433B27-2721-4D7B-A3F3-5E9EC189D78F}.Release|x64.ActiveCfg = Release|x64
		{EA433B27-2721-4D7B-A3F3-5E9EC189D78F}.Release|x64.Build.0 = Release|x64
		{EA433B27-2721-4D7B-A3F3-5E9EC189D78F}.Release|x86.ActiveCfg = Release|Win32
		{EA433B27-2721-4D7B-A3F3-5E9EC189D78F}.Release|x86.Build.0 = Release|Win32
		{0ED84F78-C4A5-4EFF-9F04-1F3E2CCEECF7}.Debug|x64.ActiveCfg = Debug|x64
		{0ED84F78-C4A5-4EFF-9F04-1F3E2CCEECF7}.Debug|x64.Build.0 = Debug|x64
		{0ED84F78-C4A5-4EFF-9F04-1F3E2CCEECF7}.Debug|x86.ActiveCfg = Debug|Win32
		{0ED84F78-C4A5-4EFF-9F04-1F3E2CCEECF7}.Debug|x86.Build.0 = Debug|Win32
		{0ED84F78-C4A5-4EFF-9F04-1F3E2CCEECF7}.Release|x64.ActiveCfg = Release|x64
		{0ED84F78-C4A5-4EFF-9F04-1F3E2CCEECF7}.Release|x64.Build.0 = Release|x64
		{0ED84F78-C4A5-4EFF-9F04-1F3E2CCEECF7}.Release|x86.ActiveCfg = Release|Win32
		{0ED84F78-C4A5-4EFF-9F04-1F3E2CCEECF7}.Release|x86.Build.0 = Release|Win32
		{BBD8899B-F598-4D42-B772-89B8D825D74B}.Debug|x64.ActiveCfg = Debug|x64
		{BBD8899B-F598-4D42-B772-89B8D825D74B}.Debug|x64.Build.0 = Debug|x64
		{BBD8899B-F598-4D42-B772-89B8D825D74B}.Debug|x86.ActiveCfg = Debug|Win32
		{BBD8899B-F598-4D42-B772-89B8D825D74B}.Debug|x86.Build.0 = Debug|Win32
		{BBD8899B-F598-4D42-B772-89B8D825D74B}.Release|x64.ActiveCfg = Release|x64
		{BBD8899B-F598-4D42-B772-89B8D825D74B}.Release|x64.Build.0 = Release|x64
		{BBD8899B-F598-4D42-B772-89B8D825D74B}.Release|x86.ActiveCfg = Release|Win32
		{BBD8899B-F598-4D42-B772-89B8D825D74B}.Release|x86.Build.0 = Release|Win32
		{6E2931C6-7001-4777-8901-1288C1AEE359}.Debug|x64.ActiveCfg = Debug|x64
		{6E2931C6-7001-4777-8901-1288C1AEE359}.Debug|x64.Build.0 = Debug|x64
		{6E2931C6-7001-4777-8901-1288C1AEE359}.Debug|x86.ActiveCfg = Debug|Win32
		{6E2931C6-7001-4777-8901-1288C1AEE359}.Debug|x86.Build.0 = Debug|Win32
		{6E2931C6-7001-4777-8901-1288C1AEE359}.Release|x64.ActiveCfg = Release|x64
		{6E2931C6-7001-4777-8901-1288C1AEE359}.Release|x64.Build.0 = Release|x64
		{6E2931C6-7001-4777-8901-1288C1AEE359}.Release|x86.ActiveCfg = Release|Win32
		{6E2931C6-7001-4777-8901-1288C1AEE359}.Release|x86.Build.0 = Release|Win32
		{6FD4B3C9-60E1-4747-90A5-A957EA9F7B7F}.Debug|x64.ActiveCfg = Debug|x64
		{6FD4B3C9-60E1-4747-90A5-A957EA9F7B7F}.Debug|x64.Build.0 = Debug|x64
		{6FD4B3C9-60E1-4747-90A5-A957EA9F7B7F}.Debug|x86.ActiveCfg = Debug|Win32
		{6FD4B3C9-60E1-4747-90A5-A957EA9F7B7F}.Debug|x86.Build.0 = Debug|Win32
		{6FD4B3C9-60E1-4747-90A5-A957EA9F7B7F}.Release|x64.ActiveCfg = Release|x64
		{6FD4B3C9-60E1-4747-90A5-A957EA9F7B7F}.Release|x64.Build.0 = Release|x64
		{6FD4B3C9-60E1-4747-90A5-A957EA9F7B7F}.Release|x86.ActiveCfg = Release|Win32
		{6FD4B3C9-60E1-4747-90A5-A957EA9F7B7F}.Release|x86.Build.0 = Release|Win32
	EndGlobalSection
	GlobalSection(SolutionProperties) = preSolution
		HideSolutionNode = FALSE
	EndGlobalSection
	GlobalSection(ExtensibilityGlobals) = postSolution
		SolutionGuid = {E04CAC36-3E32-4D5A-8F54-F40DF2F672E8}
	EndGlobalSection
EndGlobal
